
Microsoft Visual Studio Solution File, Format Version 12.00
# Visual Studio Version 16
VisualStudioVersion = 16.0.29709.97
MinimumVisualStudioVersion = 10.0.40219.1
Project("{FAE04EC0-301F-11D3-BF4B-00C04F79EFBC}") = "MyProject", "MyProject\MyProject.csproj", "{5768967A-CE6F-4ED6-8376-185303A04B43}"
EndProject
Global
	GlobalSection(SolutionConfigurationPlatforms) = preSolution
		Debug|Any CPU = Debug|Any CPU
		Release|Any CPU = Release|Any CPU
	EndGlobalSection
	GlobalSection(ProjectConfigurationPlatforms) = postSolution
		{5768967A-CE6F-4ED6-8376-185303A04B43}.Debug|Any CPU.ActiveCfg = Debug|Any CPU
		{5768967A-CE6F-4ED6-8376-185303A04B43}.Debug|Any CPU.Build.0 = Debug|Any CPU
		{5768967A-CE6F-4ED6-8376-185303A04B43}.Release|Any CPU.ActiveCfg = Release|Any CPU
		{5768967A-CE6F-4ED6-8376-185303A04B43}.Release|Any CPU.Build.0 = Release|Any CPU
	EndGlobalSection
	GlobalSection(SolutionProperties) = preSolution
		HideSolutionNode = FALSE
	EndGlobalSection
	GlobalSection(ExtensibilityGlobals) = postSolution
		SolutionGuid = {99DE9DB7-86BD-4076-AA9B-4A5326725C4B}
	EndGlobalSection
EndGlobal
