
Microsoft Visual Studio Solution File, Format Version 12.00
# Visual Studio Version 16
VisualStudioVersion = 16.0.29709.97
MinimumVisualStudioVersion = 15.0.26124.0
Project("{9A19103F-16F7-4668-BE54-9A1E7A4F7556}") = "Advanced", "Advanced.csproj", "{FEA0C0C0-540E-4392-BF20-4FE134E2AA4F}"
EndProject
Global
	GlobalSection(SolutionConfigurationPlatforms) = preSolution
		Debug|Any CPU = Debug|Any CPU
		Debug|x64 = Debug|x64
		Debug|x86 = Debug|x86
		Release|Any CPU = Release|Any CPU
		Release|x64 = Release|x64
		Release|x86 = Release|x86
	EndGlobalSection
	GlobalSection(ProjectConfigurationPlatforms) = postSolution
		{FEA0C0C0-540E-4392-BF20-4FE134E2AA4F}.Debug|Any CPU.ActiveCfg = Debug|Any CPU
		{FEA0C0C0-540E-4392-BF20-4FE134E2AA4F}.Debug|Any CPU.Build.0 = Debug|Any CPU
		{FEA0C0C0-540E-4392-BF20-4FE134E2AA4F}.Debug|x64.ActiveCfg = Debug|Any CPU
		{FEA0C0C0-540E-4392-BF20-4FE134E2AA4F}.Debug|x64.Build.0 = Debug|Any CPU
		{FEA0C0C0-540E-4392-BF20-4FE134E2AA4F}.Debug|x86.ActiveCfg = Debug|Any CPU
		{FEA0C0C0-540E-4392-BF20-4FE134E2AA4F}.Debug|x86.Build.0 = Debug|Any CPU
		{FEA0C0C0-540E-4392-BF20-4FE134E2AA4F}.Release|Any CPU.ActiveCfg = Release|Any CPU
		{FEA0C0C0-540E-4392-BF20-4FE134E2AA4F}.Release|Any CPU.Build.0 = Release|Any CPU
		{FEA0C0C0-540E-4392-BF20-4FE134E2AA4F}.Release|x64.ActiveCfg = Release|Any CPU
		{FEA0C0C0-540E-4392-BF20-4FE134E2AA4F}.Release|x64.Build.0 = Release|Any CPU
		{FEA0C0C0-540E-4392-BF20-4FE134E2AA4F}.Release|x86.ActiveCfg = Release|Any CPU
		{FEA0C0C0-540E-4392-BF20-4FE134E2AA4F}.Release|x86.Build.0 = Release|Any CPU
	EndGlobalSection
	GlobalSection(SolutionProperties) = preSolution
		HideSolutionNode = FALSE
	EndGlobalSection
	GlobalSection(ExtensibilityGlobals) = postSolution
		SolutionGuid = {B92D43B9-84F3-476D-99AE-23CCA2E14013}
	EndGlobalSection
EndGlobal
