
Microsoft Visual Studio Solution File, Format Version 12.00
# Visual Studio 15
VisualStudioVersion = 15.0.26124.0
MinimumVisualStudioVersion = 15.0.26124.0
Project("{FAE04EC0-301F-11D3-BF4B-00C04F79EFBC}") = "SportsStore", "SportsStore\SportsStore.csproj", "{D8B7F308-47B6-4ECE-B143-4BCE85F51AD0}"
EndProject
Project("{FAE04EC0-301F-11D3-BF4B-00C04F79EFBC}") = "SportsStore.Tests", "SportsStore.Tests\SportsStore.Tests.csproj", "{B58AC171-31C2-494C-A6F7-5FC60A756015}"
EndProject
Global
	GlobalSection(SolutionConfigurationPlatforms) = preSolution
		Debug|Any CPU = Debug|Any CPU
		Debug|x64 = Debug|x64
		Debug|x86 = Debug|x86
		Release|Any CPU = Release|Any CPU
		Release|x64 = Release|x64
		Release|x86 = Release|x86
	EndGlobalSection
	GlobalSection(SolutionProperties) = preSolution
		HideSolutionNode = FALSE
	EndGlobalSection
	GlobalSection(ProjectConfigurationPlatforms) = postSolution
		{D8B7F308-47B6-4ECE-B143-4BCE85F51AD0}.Debug|Any CPU.ActiveCfg = Debug|Any CPU
		{D8B7F308-47B6-4ECE-B143-4BCE85F51AD0}.Debug|Any CPU.Build.0 = Debug|Any CPU
		{D8B7F308-47B6-4ECE-B143-4BCE85F51AD0}.Debug|x64.ActiveCfg = Debug|Any CPU
		{D8B7F308-47B6-4ECE-B143-4BCE85F51AD0}.Debug|x64.Build.0 = Debug|Any CPU
		{D8B7F308-47B6-4ECE-B143-4BCE85F51AD0}.Debug|x86.ActiveCfg = Debug|Any CPU
		{D8B7F308-47B6-4ECE-B143-4BCE85F51AD0}.Debug|x86.Build.0 = Debug|Any CPU
		{D8B7F308-47B6-4ECE-B143-4BCE85F51AD0}.Release|Any CPU.ActiveCfg = Release|Any CPU
		{D8B7F308-47B6-4ECE-B143-4BCE85F51AD0}.Release|Any CPU.Build.0 = Release|Any CPU
		{D8B7F308-47B6-4ECE-B143-4BCE85F51AD0}.Release|x64.ActiveCfg = Release|Any CPU
		{D8B7F308-47B6-4ECE-B143-4BCE85F51AD0}.Release|x64.Build.0 = Release|Any CPU
		{D8B7F308-47B6-4ECE-B143-4BCE85F51AD0}.Release|x86.ActiveCfg = Release|Any CPU
		{D8B7F308-47B6-4ECE-B143-4BCE85F51AD0}.Release|x86.Build.0 = Release|Any CPU
		{B58AC171-31C2-494C-A6F7-5FC60A756015}.Debug|Any CPU.ActiveCfg = Debug|Any CPU
		{B58AC171-31C2-494C-A6F7-5FC60A756015}.Debug|Any CPU.Build.0 = Debug|Any CPU
		{B58AC171-31C2-494C-A6F7-5FC60A756015}.Debug|x64.ActiveCfg = Debug|Any CPU
		{B58AC171-31C2-494C-A6F7-5FC60A756015}.Debug|x64.Build.0 = Debug|Any CPU
		{B58AC171-31C2-494C-A6F7-5FC60A756015}.Debug|x86.ActiveCfg = Debug|Any CPU
		{B58AC171-31C2-494C-A6F7-5FC60A756015}.Debug|x86.Build.0 = Debug|Any CPU
		{B58AC171-31C2-494C-A6F7-5FC60A756015}.Release|Any CPU.ActiveCfg = Release|Any CPU
		{B58AC171-31C2-494C-A6F7-5FC60A756015}.Release|Any CPU.Build.0 = Release|Any CPU
		{B58AC171-31C2-494C-A6F7-5FC60A756015}.Release|x64.ActiveCfg = Release|Any CPU
		{B58AC171-31C2-494C-A6F7-5FC60A756015}.Release|x64.Build.0 = Release|Any CPU
		{B58AC171-31C2-494C-A6F7-5FC60A756015}.Release|x86.ActiveCfg = Release|Any CPU
		{B58AC171-31C2-494C-A6F7-5FC60A756015}.Release|x86.Build.0 = Release|Any CPU
	EndGlobalSection
EndGlobal
