
Microsoft Visual Studio Solution File, Format Version 12.00
# Visual Studio Version 16
VisualStudioVersion = 16.0.30709.132
MinimumVisualStudioVersion = 15.0.26124.0
Project("{9A19103F-16F7-4668-BE54-9A1E7A4F7556}") = "SportsStore", "SportsStore\SportsStore.csproj", "{F2C74E53-9B59-48E9-A8D6-A2156FBA2FE6}"
EndProject
Project("{9A19103F-16F7-4668-BE54-9A1E7A4F7556}") = "SportsStore.Tests", "SportsStore.Tests\SportsStore.Tests.csproj", "{CFC3D21D-A2B8-4CFE-AD64-7EED439C10D2}"
EndProject
Global
	GlobalSection(SolutionConfigurationPlatforms) = preSolution
		Debug|Any CPU = Debug|Any CPU
		Debug|x64 = Debug|x64
		Debug|x86 = Debug|x86
		Release|Any CPU = Release|Any CPU
		Release|x64 = Release|x64
		Release|x86 = Release|x86
	EndGlobalSection
	GlobalSection(ProjectConfigurationPlatforms) = postSolution
		{F2C74E53-9B59-48E9-A8D6-A2156FBA2FE6}.Debug|Any CPU.ActiveCfg = Debug|Any CPU
		{F2C74E53-9B59-48E9-A8D6-A2156FBA2FE6}.Debug|Any CPU.Build.0 = Debug|Any CPU
		{F2C74E53-9B59-48E9-A8D6-A2156FBA2FE6}.Debug|x64.ActiveCfg = Debug|Any CPU
		{F2C74E53-9B59-48E9-A8D6-A2156FBA2FE6}.Debug|x64.Build.0 = Debug|Any CPU
		{F2C74E53-9B59-48E9-A8D6-A2156FBA2FE6}.Debug|x86.ActiveCfg = Debug|Any CPU
		{F2C74E53-9B59-48E9-A8D6-A2156FBA2FE6}.Debug|x86.Build.0 = Debug|Any CPU
		{F2C74E53-9B59-48E9-A8D6-A2156FBA2FE6}.Release|Any CPU.ActiveCfg = Release|Any CPU
		{F2C74E53-9B59-48E9-A8D6-A2156FBA2FE6}.Release|Any CPU.Build.0 = Release|Any CPU
		{F2C74E53-9B59-48E9-A8D6-A2156FBA2FE6}.Release|x64.ActiveCfg = Release|Any CPU
		{F2C74E53-9B59-48E9-A8D6-A2156FBA2FE6}.Release|x64.Build.0 = Release|Any CPU
		{F2C74E53-9B59-48E9-A8D6-A2156FBA2FE6}.Release|x86.ActiveCfg = Release|Any CPU
		{F2C74E53-9B59-48E9-A8D6-A2156FBA2FE6}.Release|x86.Build.0 = Release|Any CPU
		{CFC3D21D-A2B8-4CFE-AD64-7EED439C10D2}.Debug|Any CPU.ActiveCfg = Debug|Any CPU
		{CFC3D21D-A2B8-4CFE-AD64-7EED439C10D2}.Debug|Any CPU.Build.0 = Debug|Any CPU
		{CFC3D21D-A2B8-4CFE-AD64-7EED439C10D2}.Debug|x64.ActiveCfg = Debug|Any CPU
		{CFC3D21D-A2B8-4CFE-AD64-7EED439C10D2}.Debug|x64.Build.0 = Debug|Any CPU
		{CFC3D21D-A2B8-4CFE-AD64-7EED439C10D2}.Debug|x86.ActiveCfg = Debug|Any CPU
		{CFC3D21D-A2B8-4CFE-AD64-7EED439C10D2}.Debug|x86.Build.0 = Debug|Any CPU
		{CFC3D21D-A2B8-4CFE-AD64-7EED439C10D2}.Release|Any CPU.ActiveCfg = Release|Any CPU
		{CFC3D21D-A2B8-4CFE-AD64-7EED439C10D2}.Release|Any CPU.Build.0 = Release|Any CPU
		{CFC3D21D-A2B8-4CFE-AD64-7EED439C10D2}.Release|x64.ActiveCfg = Release|Any CPU
		{CFC3D21D-A2B8-4CFE-AD64-7EED439C10D2}.Release|x64.Build.0 = Release|Any CPU
		{CFC3D21D-A2B8-4CFE-AD64-7EED439C10D2}.Release|x86.ActiveCfg = Release|Any CPU
		{CFC3D21D-A2B8-4CFE-AD64-7EED439C10D2}.Release|x86.Build.0 = Release|Any CPU
	EndGlobalSection
	GlobalSection(SolutionProperties) = preSolution
		HideSolutionNode = FALSE
	EndGlobalSection
	GlobalSection(ExtensibilityGlobals) = postSolution
		SolutionGuid = {D72573C1-976B-40EA-8461-0F7F06608B68}
	EndGlobalSection
EndGlobal
