
Microsoft Visual Studio Solution File, Format Version 12.00
# Visual Studio 15
VisualStudioVersion = 15.0.26124.0
MinimumVisualStudioVersion = 15.0.26124.0
Project("{FAE04EC0-301F-11D3-BF4B-00C04F79EFBC}") = "SimpleApp", "SimpleApp\SimpleApp.csproj", "{A3DDBDD8-F814-43ED-A430-6E640BD3BA0A}"
EndProject
Project("{FAE04EC0-301F-11D3-BF4B-00C04F79EFBC}") = "SimpleApp.Tests", "SimpleApp.Tests\SimpleApp.Tests.csproj", "{864D4005-39BD-44C9-B786-1D7BEB855CA8}"
EndProject
Global
	GlobalSection(SolutionConfigurationPlatforms) = preSolution
		Debug|Any CPU = Debug|Any CPU
		Debug|x64 = Debug|x64
		Debug|x86 = Debug|x86
		Release|Any CPU = Release|Any CPU
		Release|x64 = Release|x64
		Release|x86 = Release|x86
	EndGlobalSection
	GlobalSection(SolutionProperties) = preSolution
		HideSolutionNode = FALSE
	EndGlobalSection
	GlobalSection(ProjectConfigurationPlatforms) = postSolution
		{A3DDBDD8-F814-43ED-A430-6E640BD3BA0A}.Debug|Any CPU.ActiveCfg = Debug|Any CPU
		{A3DDBDD8-F814-43ED-A430-6E640BD3BA0A}.Debug|Any CPU.Build.0 = Debug|Any CPU
		{A3DDBDD8-F814-43ED-A430-6E640BD3BA0A}.Debug|x64.ActiveCfg = Debug|Any CPU
		{A3DDBDD8-F814-43ED-A430-6E640BD3BA0A}.Debug|x64.Build.0 = Debug|Any CPU
		{A3DDBDD8-F814-43ED-A430-6E640BD3BA0A}.Debug|x86.ActiveCfg = Debug|Any CPU
		{A3DDBDD8-F814-43ED-A430-6E640BD3BA0A}.Debug|x86.Build.0 = Debug|Any CPU
		{A3DDBDD8-F814-43ED-A430-6E640BD3BA0A}.Release|Any CPU.ActiveCfg = Release|Any CPU
		{A3DDBDD8-F814-43ED-A430-6E640BD3BA0A}.Release|Any CPU.Build.0 = Release|Any CPU
		{A3DDBDD8-F814-43ED-A430-6E640BD3BA0A}.Release|x64.ActiveCfg = Release|Any CPU
		{A3DDBDD8-F814-43ED-A430-6E640BD3BA0A}.Release|x64.Build.0 = Release|Any CPU
		{A3DDBDD8-F814-43ED-A430-6E640BD3BA0A}.Release|x86.ActiveCfg = Release|Any CPU
		{A3DDBDD8-F814-43ED-A430-6E640BD3BA0A}.Release|x86.Build.0 = Release|Any CPU
		{864D4005-39BD-44C9-B786-1D7BEB855CA8}.Debug|Any CPU.ActiveCfg = Debug|Any CPU
		{864D4005-39BD-44C9-B786-1D7BEB855CA8}.Debug|Any CPU.Build.0 = Debug|Any CPU
		{864D4005-39BD-44C9-B786-1D7BEB855CA8}.Debug|x64.ActiveCfg = Debug|Any CPU
		{864D4005-39BD-44C9-B786-1D7BEB855CA8}.Debug|x64.Build.0 = Debug|Any CPU
		{864D4005-39BD-44C9-B786-1D7BEB855CA8}.Debug|x86.ActiveCfg = Debug|Any CPU
		{864D4005-39BD-44C9-B786-1D7BEB855CA8}.Debug|x86.Build.0 = Debug|Any CPU
		{864D4005-39BD-44C9-B786-1D7BEB855CA8}.Release|Any CPU.ActiveCfg = Release|Any CPU
		{864D4005-39BD-44C9-B786-1D7BEB855CA8}.Release|Any CPU.Build.0 = Release|Any CPU
		{864D4005-39BD-44C9-B786-1D7BEB855CA8}.Release|x64.ActiveCfg = Release|Any CPU
		{864D4005-39BD-44C9-B786-1D7BEB855CA8}.Release|x64.Build.0 = Release|Any CPU
		{864D4005-39BD-44C9-B786-1D7BEB855CA8}.Release|x86.ActiveCfg = Release|Any CPU
		{864D4005-39BD-44C9-B786-1D7BEB855CA8}.Release|x86.Build.0 = Release|Any CPU
	EndGlobalSection
EndGlobal
